
Microsoft Visual Studio Solution File, Format Version 12.00
# Visual Studio Version 17
VisualStudioVersion = 17.13.35931.197 d17.13
MinimumVisualStudioVersion = 10.0.40219.1
Project("{FAE04EC0-301F-11D3-BF4B-00C04F79EFBC}") = "bank.app", "bank.app\bank.app.csproj", "{0E561837-6AA5-4C89-AA13-DD1DFFFDAB8F}"
EndProject
Project("{FAE04EC0-301F-11D3-BF4B-00C04F79EFBC}") = "bank.app.domain", "bank.app.domain\bank.app.domain.csproj", "{66BE30FE-82EF-4854-ABEA-5B423792B1AD}"
EndProject
Project("{FAE04EC0-301F-11D3-BF4B-00C04F79EFBC}") = "bank.app.application", "bank.app.application\bank.app.application.csproj", "{4ED4C583-E091-48B8-8838-3E9F40184EC0}"
EndProject
Global
	GlobalSection(SolutionConfigurationPlatforms) = preSolution
		Debug|Any CPU = Debug|Any CPU
		Release|Any CPU = Release|Any CPU
	EndGlobalSection
	GlobalSection(ProjectConfigurationPlatforms) = postSolution
		{0E561837-6AA5-4C89-AA13-DD1DFFFDAB8F}.Debug|Any CPU.ActiveCfg = Debug|Any CPU
		{0E561837-6AA5-4C89-AA13-DD1DFFFDAB8F}.Debug|Any CPU.Build.0 = Debug|Any CPU
		{0E561837-6AA5-4C89-AA13-DD1DFFFDAB8F}.Release|Any CPU.ActiveCfg = Release|Any CPU
		{0E561837-6AA5-4C89-AA13-DD1DFFFDAB8F}.Release|Any CPU.Build.0 = Release|Any CPU
		{66BE30FE-82EF-4854-ABEA-5B423792B1AD}.Debug|Any CPU.ActiveCfg = Debug|Any CPU
		{66BE30FE-82EF-4854-ABEA-5B423792B1AD}.Debug|Any CPU.Build.0 = Debug|Any CPU
		{66BE30FE-82EF-4854-ABEA-5B423792B1AD}.Release|Any CPU.ActiveCfg = Release|Any CPU
		{66BE30FE-82EF-4854-ABEA-5B423792B1AD}.Release|Any CPU.Build.0 = Release|Any CPU
		{4ED4C583-E091-48B8-8838-3E9F40184EC0}.Debug|Any CPU.ActiveCfg = Debug|Any CPU
		{4ED4C583-E091-48B8-8838-3E9F40184EC0}.Debug|Any CPU.Build.0 = Debug|Any CPU
		{4ED4C583-E091-48B8-8838-3E9F40184EC0}.Release|Any CPU.ActiveCfg = Release|Any CPU
		{4ED4C583-E091-48B8-8838-3E9F40184EC0}.Release|Any CPU.Build.0 = Release|Any CPU
	EndGlobalSection
	GlobalSection(SolutionProperties) = preSolution
		HideSolutionNode = FALSE
	EndGlobalSection
	GlobalSection(ExtensibilityGlobals) = postSolution
		SolutionGuid = {946F11D6-A299-4C4B-B8BF-53C078CAD101}
	EndGlobalSection
EndGlobal
